
Microsoft Visual Studio Solution File, Format Version 12.00
# Visual Studio Version 17
VisualStudioVersion = 17.1.32228.430
MinimumVisualStudioVersion = 10.0.40219.1
Project("{9A19103F-16F7-4668-BE54-9A1E7A4F7556}") = "Cash_Register_Reports", "Cash_Register_Reports\Cash_Register_Reports.csproj", "{ABEC7097-5786-4FB7-9B7F-886D32A9AE4F}"
EndProject
Project("{9A19103F-16F7-4668-BE54-9A1E7A4F7556}") = "Cash_Register_Reports.Business", "Cash_Register_Reports.Business\Cash_Register_Reports.Business.csproj", "{1AC9504E-A49B-4E92-96DD-20B09177B500}"
EndProject
Project("{9A19103F-16F7-4668-BE54-9A1E7A4F7556}") = "Cash_Register_Reports.DataAccess", "Cash_Register_Reports.DataAccess\Cash_Register_Reports.DataAccess.csproj", "{BA3268A7-99B3-41A8-AE57-2638F8A30398}"
EndProject
Project("{FAE04EC0-301F-11D3-BF4B-00C04F79EFBC}") = "TestZReport", "TestZReport\TestZReport.csproj", "{A456E1C2-A4A8-45CD-B066-75BA66A5CDB8}"
EndProject
Global
	GlobalSection(SolutionConfigurationPlatforms) = preSolution
		Debug|Any CPU = Debug|Any CPU
		Release|Any CPU = Release|Any CPU
	EndGlobalSection
	GlobalSection(ProjectConfigurationPlatforms) = postSolution
		{ABEC7097-5786-4FB7-9B7F-886D32A9AE4F}.Debug|Any CPU.ActiveCfg = Debug|Any CPU
		{ABEC7097-5786-4FB7-9B7F-886D32A9AE4F}.Debug|Any CPU.Build.0 = Debug|Any CPU
		{ABEC7097-5786-4FB7-9B7F-886D32A9AE4F}.Release|Any CPU.ActiveCfg = Release|Any CPU
		{ABEC7097-5786-4FB7-9B7F-886D32A9AE4F}.Release|Any CPU.Build.0 = Release|Any CPU
		{1AC9504E-A49B-4E92-96DD-20B09177B500}.Debug|Any CPU.ActiveCfg = Debug|Any CPU
		{1AC9504E-A49B-4E92-96DD-20B09177B500}.Debug|Any CPU.Build.0 = Debug|Any CPU
		{1AC9504E-A49B-4E92-96DD-20B09177B500}.Release|Any CPU.ActiveCfg = Release|Any CPU
		{1AC9504E-A49B-4E92-96DD-20B09177B500}.Release|Any CPU.Build.0 = Release|Any CPU
		{BA3268A7-99B3-41A8-AE57-2638F8A30398}.Debug|Any CPU.ActiveCfg = Debug|Any CPU
		{BA3268A7-99B3-41A8-AE57-2638F8A30398}.Debug|Any CPU.Build.0 = Debug|Any CPU
		{BA3268A7-99B3-41A8-AE57-2638F8A30398}.Release|Any CPU.ActiveCfg = Release|Any CPU
		{BA3268A7-99B3-41A8-AE57-2638F8A30398}.Release|Any CPU.Build.0 = Release|Any CPU
		{A456E1C2-A4A8-45CD-B066-75BA66A5CDB8}.Debug|Any CPU.ActiveCfg = Debug|Any CPU
		{A456E1C2-A4A8-45CD-B066-75BA66A5CDB8}.Debug|Any CPU.Build.0 = Debug|Any CPU
		{A456E1C2-A4A8-45CD-B066-75BA66A5CDB8}.Release|Any CPU.ActiveCfg = Release|Any CPU
		{A456E1C2-A4A8-45CD-B066-75BA66A5CDB8}.Release|Any CPU.Build.0 = Release|Any CPU
	EndGlobalSection
	GlobalSection(SolutionProperties) = preSolution
		HideSolutionNode = FALSE
	EndGlobalSection
	GlobalSection(ExtensibilityGlobals) = postSolution
		SolutionGuid = {75A34B53-F5A0-4813-8C9D-BE423B064A91}
	EndGlobalSection
EndGlobal
